// !$*UTF8*$!
{
	archiveVersion = 1;
	classes = {
	};
	objectVersion = 46;
	objects = {

/* Begin PBXBuildFile section */
		3299026316B158F0006DC100 /* DLAppService.h in Headers */ = {isa = PBXBuildFile; fileRef = F38FB00515F9E78200B7759F /* DLAppService.h */; settings = {ATTRIBUTES = (Public, ); }; };
		3299026516B158F2006DC100 /* DLDocService.h in Headers */ = {isa = PBXBuildFile; fileRef = F308A34715FE08B600B650BE /* DLDocService.h */; settings = {ATTRIBUTES = (Public, ); }; };
		3299026616B158F4006DC100 /* DLService.h in Headers */ = {isa = PBXBuildFile; fileRef = F308A34B15FE08CD00B650BE /* DLService.h */; settings = {ATTRIBUTES = (Public, ); }; };
		3299026716B158F7006DC100 /* DLBase64.h in Headers */ = {isa = PBXBuildFile; fileRef = F38FB00615F9E78200B7759F /* DLBase64.h */; settings = {ATTRIBUTES = (Public, ); }; };
		3299026816B158F8006DC100 /* DLFileDownloader.h in Headers */ = {isa = PBXBuildFile; fileRef = F38FB00A15F9E78200B7759F /* DLFileDownloader.h */; settings = {ATTRIBUTES = (Public, ); }; };
		3299026916B158FA006DC100 /* DLTextDownloader.h in Headers */ = {isa = PBXBuildFile; fileRef = F308A33D15FDFCB800B650BE /* DLTextDownloader.h */; settings = {ATTRIBUTES = (Public, ); }; };
		3299026A16B158FE006DC100 /* datownialibrary.h in Headers */ = {isa = PBXBuildFile; fileRef = F38FB00715F9E78200B7759F /* datownialibrary.h */; settings = {ATTRIBUTES = (Public, ); }; };
		3299026B16B15908006DC100 /* DownloaderDelegate.h in Headers */ = {isa = PBXBuildFile; fileRef = F38FB00815F9E78200B7759F /* DownloaderDelegate.h */; settings = {ATTRIBUTES = (Public, ); }; };
		3299026C16B1590A006DC100 /* DLAppConfiguration.h in Headers */ = {isa = PBXBuildFile; fileRef = F38FB0AE15FA18F600B7759F /* DLAppConfiguration.h */; settings = {ATTRIBUTES = (Public, ); }; };
		3299026D16B1590D006DC100 /* DLOfflineApiDataSync.h in Headers */ = {isa = PBXBuildFile; fileRef = F38FB0A615FA161000B7759F /* DLOfflineApiDataSync.h */; settings = {ATTRIBUTES = (Public, ); }; };
		3299026E16B15910006DC100 /* macro.h in Headers */ = {isa = PBXBuildFile; fileRef = F308A34115FDFD0700B650BE /* macro.h */; settings = {ATTRIBUTES = (Public, ); }; };
		3299026F16B15912006DC100 /* DLConstants.h in Headers */ = {isa = PBXBuildFile; fileRef = F38FB0B215FA342900B7759F /* DLConstants.h */; settings = {ATTRIBUTES = (Public, ); }; };
		3299027016B15915006DC100 /* LROAuth2AccessToken.h in Headers */ = {isa = PBXBuildFile; fileRef = F38FAFFB15F9E77300B7759F /* LROAuth2AccessToken.h */; settings = {ATTRIBUTES = (Public, ); }; };
		3299027116B15916006DC100 /* LROAuth2Client.h in Headers */ = {isa = PBXBuildFile; fileRef = F38FAFFC15F9E77300B7759F /* LROAuth2Client.h */; settings = {ATTRIBUTES = (Public, ); }; };
		3299027216B15917006DC100 /* LROAuth2ClientDelegate.h in Headers */ = {isa = PBXBuildFile; fileRef = F38FAFFD15F9E77300B7759F /* LROAuth2ClientDelegate.h */; settings = {ATTRIBUTES = (Public, ); }; };
		3299027316B15919006DC100 /* LRURLRequestOperation.h in Headers */ = {isa = PBXBuildFile; fileRef = F38FAFFE15F9E77300B7759F /* LRURLRequestOperation.h */; settings = {ATTRIBUTES = (Public, ); }; };
		3299027416B1591A006DC100 /* NSData+Base64.h in Headers */ = {isa = PBXBuildFile; fileRef = F38FAFFF15F9E77300B7759F /* NSData+Base64.h */; settings = {ATTRIBUTES = (Public, ); }; };
		3299027516B1591B006DC100 /* NSDictionary+QueryString.h in Headers */ = {isa = PBXBuildFile; fileRef = F38FB00015F9E77300B7759F /* NSDictionary+QueryString.h */; settings = {ATTRIBUTES = (Public, ); }; };
		3299027616B1591D006DC100 /* NSObject+Tap.h in Headers */ = {isa = PBXBuildFile; fileRef = F38FB00115F9E77300B7759F /* NSObject+Tap.h */; settings = {ATTRIBUTES = (Public, ); }; };
		3299027716B1591E006DC100 /* NSRunLoop+Additions.h in Headers */ = {isa = PBXBuildFile; fileRef = F38FB00215F9E77300B7759F /* NSRunLoop+Additions.h */; settings = {ATTRIBUTES = (Public, ); }; };
		3299027816B15920006DC100 /* NSString+QueryString.h in Headers */ = {isa = PBXBuildFile; fileRef = F38FB00315F9E77300B7759F /* NSString+QueryString.h */; settings = {ATTRIBUTES = (Public, ); }; };
		3299027916B15922006DC100 /* NSURL+QueryInspector.h in Headers */ = {isa = PBXBuildFile; fileRef = F38FB00415F9E77300B7759F /* NSURL+QueryInspector.h */; settings = {ATTRIBUTES = (Public, ); }; };
		3299027A16B15924006DC100 /* DLDbManager.h in Headers */ = {isa = PBXBuildFile; fileRef = F38FB0BA15FDDB0500B7759F /* DLDbManager.h */; settings = {ATTRIBUTES = (Public, ); }; };
		3299027B16B15925006DC100 /* DLFMDatabase.h in Headers */ = {isa = PBXBuildFile; fileRef = F38FB0BC15FDDB0500B7759F /* DLFMDatabase.h */; settings = {ATTRIBUTES = (Public, ); }; };
		3299027C16B15927006DC100 /* FMDatabaseAdditions.h in Headers */ = {isa = PBXBuildFile; fileRef = F38FB0BE15FDDB0500B7759F /* FMDatabaseAdditions.h */; settings = {ATTRIBUTES = (Public, ); }; };
		3299027D16B15928006DC100 /* DLFMResultSet.h in Headers */ = {isa = PBXBuildFile; fileRef = F38FB0C015FDDB0500B7759F /* DLFMResultSet.h */; settings = {ATTRIBUTES = (Public, ); }; };
		3299027E16B1592A006DC100 /* DLFMSyncedDatabase.h in Headers */ = {isa = PBXBuildFile; fileRef = F3D423D9163EA99E004C66CB /* DLFMSyncedDatabase.h */; settings = {ATTRIBUTES = (Public, ); }; };
		3299027F16B15934006DC100 /* DLDocument.h in Headers */ = {isa = PBXBuildFile; fileRef = F308A32D15FDF7CC00B650BE /* DLDocument.h */; settings = {ATTRIBUTES = (Public, ); }; };
		3299028016B15935006DC100 /* DLContentItem.h in Headers */ = {isa = PBXBuildFile; fileRef = F308A32F15FDF7CC00B650BE /* DLContentItem.h */; settings = {ATTRIBUTES = (Public, ); }; };
		3299028116B15936006DC100 /* DLGenericContentItem.h in Headers */ = {isa = PBXBuildFile; fileRef = F308A33515FDF82500B650BE /* DLGenericContentItem.h */; settings = {ATTRIBUTES = (Public, ); }; };
		3299028216B15938006DC100 /* NSString+Extras.h in Headers */ = {isa = PBXBuildFile; fileRef = F308A33A15FDF84E00B650BE /* NSString+Extras.h */; settings = {ATTRIBUTES = (Public, ); }; };
		32B13A23171D5A000040FF63 /* DLSeqExtractor.h in Headers */ = {isa = PBXBuildFile; fileRef = 32B13A21171D5A000040FF63 /* DLSeqExtractor.h */; settings = {ATTRIBUTES = (Public, ); }; };
		32B13A24171D5A000040FF63 /* DLSeqExtractor.m in Sources */ = {isa = PBXBuildFile; fileRef = 32B13A22171D5A000040FF63 /* DLSeqExtractor.m */; };
		F308A33215FDF7CC00B650BE /* DLDocument.m in Sources */ = {isa = PBXBuildFile; fileRef = F308A32E15FDF7CC00B650BE /* DLDocument.m */; };
		F308A33415FDF7CC00B650BE /* DLContentItem.m in Sources */ = {isa = PBXBuildFile; fileRef = F308A33015FDF7CC00B650BE /* DLContentItem.m */; };
		F308A33815FDF82500B650BE /* DLGenericContentItem.m in Sources */ = {isa = PBXBuildFile; fileRef = F308A33615FDF82500B650BE /* DLGenericContentItem.m */; };
		F308A33B15FDF84E00B650BE /* NSString+Extras.m in Sources */ = {isa = PBXBuildFile; fileRef = F308A33915FDF84E00B650BE /* NSString+Extras.m */; };
		F308A34015FDFCB800B650BE /* DLTextDownloader.m in Sources */ = {isa = PBXBuildFile; fileRef = F308A33E15FDFCB800B650BE /* DLTextDownloader.m */; };
		F308A34A15FE08BA00B650BE /* DLDocService.m in Sources */ = {isa = PBXBuildFile; fileRef = F308A34815FE08B700B650BE /* DLDocService.m */; };
		F308A34E15FE08CD00B650BE /* DLService.m in Sources */ = {isa = PBXBuildFile; fileRef = F308A34C15FE08CD00B650BE /* DLService.m */; };
		F38FAE8815F8F39100B7759F /* Foundation.framework in Frameworks */ = {isa = PBXBuildFile; fileRef = F38FAE8715F8F39100B7759F /* Foundation.framework */; };
		F38FAF7B15F8F6BC00B7759F /* DLAppService.m in Sources */ = {isa = PBXBuildFile; fileRef = F38FAF5F15F8F6BC00B7759F /* DLAppService.m */; };
		F38FAF7D15F8F6BC00B7759F /* DLBase64.m in Sources */ = {isa = PBXBuildFile; fileRef = F38FAF6115F8F6BC00B7759F /* DLBase64.m */; };
		F38FAF8115F8F6BC00B7759F /* DLFileDownloader.m in Sources */ = {isa = PBXBuildFile; fileRef = F38FAF6615F8F6BC00B7759F /* DLFileDownloader.m */; };
		F38FAFAB15F8F72000B7759F /* LROAuth2AccessToken.m in Sources */ = {isa = PBXBuildFile; fileRef = F38FAF9915F8F72000B7759F /* LROAuth2AccessToken.m */; };
		F38FAFAD15F8F72000B7759F /* LROAuth2Client.m in Sources */ = {isa = PBXBuildFile; fileRef = F38FAF9B15F8F72000B7759F /* LROAuth2Client.m */; };
		F38FAFAF15F8F72000B7759F /* LRURLRequestOperation.m in Sources */ = {isa = PBXBuildFile; fileRef = F38FAF9E15F8F72000B7759F /* LRURLRequestOperation.m */; };
		F38FAFB115F8F72000B7759F /* NSData+Base64.m in Sources */ = {isa = PBXBuildFile; fileRef = F38FAFA015F8F72000B7759F /* NSData+Base64.m */; };
		F38FAFB315F8F72000B7759F /* NSDictionary+QueryString.m in Sources */ = {isa = PBXBuildFile; fileRef = F38FAFA215F8F72000B7759F /* NSDictionary+QueryString.m */; };
		F38FAFB515F8F72000B7759F /* NSObject+Tap.m in Sources */ = {isa = PBXBuildFile; fileRef = F38FAFA415F8F72000B7759F /* NSObject+Tap.m */; };
		F38FAFB715F8F72000B7759F /* NSRunLoop+Additions.m in Sources */ = {isa = PBXBuildFile; fileRef = F38FAFA615F8F72000B7759F /* NSRunLoop+Additions.m */; };
		F38FAFB915F8F72000B7759F /* NSString+QueryString.m in Sources */ = {isa = PBXBuildFile; fileRef = F38FAFA815F8F72000B7759F /* NSString+QueryString.m */; };
		F38FAFBB15F8F72000B7759F /* NSURL+QueryInspector.m in Sources */ = {isa = PBXBuildFile; fileRef = F38FAFAA15F8F72000B7759F /* NSURL+QueryInspector.m */; };
		F38FAFF415F8F8D500B7759F /* UIKit.framework in Frameworks */ = {isa = PBXBuildFile; fileRef = F38FAFF315F8F8D500B7759F /* UIKit.framework */; };
		F38FB0A915FA161100B7759F /* DLOfflineApiDataSync.m in Sources */ = {isa = PBXBuildFile; fileRef = F38FB0A715FA161000B7759F /* DLOfflineApiDataSync.m */; };
		F38FB0B115FA18F700B7759F /* DLAppConfiguration.m in Sources */ = {isa = PBXBuildFile; fileRef = F38FB0AF15FA18F700B7759F /* DLAppConfiguration.m */; };
		F38FB0B515FA342900B7759F /* DLConstants.m in Sources */ = {isa = PBXBuildFile; fileRef = F38FB0B315FA342900B7759F /* DLConstants.m */; };
		F38FB0C315FDDB0500B7759F /* DLDbManager.m in Sources */ = {isa = PBXBuildFile; fileRef = F38FB0BB15FDDB0500B7759F /* DLDbManager.m */; };
		F38FB0C515FDDB0500B7759F /* DLFMDatabase.m in Sources */ = {isa = PBXBuildFile; fileRef = F38FB0BD15FDDB0500B7759F /* DLFMDatabase.m */; };
		F38FB0C715FDDB0500B7759F /* FMDatabaseAdditions.m in Sources */ = {isa = PBXBuildFile; fileRef = F38FB0BF15FDDB0500B7759F /* FMDatabaseAdditions.m */; };
		F38FB0C915FDDB0500B7759F /* DLFMResultSet.m in Sources */ = {isa = PBXBuildFile; fileRef = F38FB0C115FDDB0500B7759F /* DLFMResultSet.m */; };
		F3D423DC163EA99E004C66CB /* DLFMSyncedDatabase.m in Sources */ = {isa = PBXBuildFile; fileRef = F3D423DA163EA99E004C66CB /* DLFMSyncedDatabase.m */; };
		F3FCFD0B1715ED6E00257B6C /* DLSqlParser.h in Headers */ = {isa = PBXBuildFile; fileRef = F3FCFD091715ED6E00257B6C /* DLSqlParser.h */; settings = {ATTRIBUTES = (Public, ); }; };
		F3FCFD0C1715ED6F00257B6C /* DLSqlParser.m in Sources */ = {isa = PBXBuildFile; fileRef = F3FCFD0A1715ED6E00257B6C /* DLSqlParser.m */; };
/* End PBXBuildFile section */

/* Begin PBXFileReference section */
		32B13A21171D5A000040FF63 /* DLSeqExtractor.h */ = {isa = PBXFileReference; fileEncoding = 4; lastKnownFileType = sourcecode.c.h; path = DLSeqExtractor.h; sourceTree = "<group>"; };
		32B13A22171D5A000040FF63 /* DLSeqExtractor.m */ = {isa = PBXFileReference; fileEncoding = 4; lastKnownFileType = sourcecode.c.objc; path = DLSeqExtractor.m; sourceTree = "<group>"; };
		F308A32D15FDF7CC00B650BE /* DLDocument.h */ = {isa = PBXFileReference; fileEncoding = 4; lastKnownFileType = sourcecode.c.h; path = DLDocument.h; sourceTree = "<group>"; };
		F308A32E15FDF7CC00B650BE /* DLDocument.m */ = {isa = PBXFileReference; fileEncoding = 4; lastKnownFileType = sourcecode.c.objc; path = DLDocument.m; sourceTree = "<group>"; };
		F308A32F15FDF7CC00B650BE /* DLContentItem.h */ = {isa = PBXFileReference; fileEncoding = 4; lastKnownFileType = sourcecode.c.h; path = DLContentItem.h; sourceTree = "<group>"; };
		F308A33015FDF7CC00B650BE /* DLContentItem.m */ = {isa = PBXFileReference; fileEncoding = 4; lastKnownFileType = sourcecode.c.objc; path = DLContentItem.m; sourceTree = "<group>"; };
		F308A33515FDF82500B650BE /* DLGenericContentItem.h */ = {isa = PBXFileReference; fileEncoding = 4; lastKnownFileType = sourcecode.c.h; path = DLGenericContentItem.h; sourceTree = "<group>"; };
		F308A33615FDF82500B650BE /* DLGenericContentItem.m */ = {isa = PBXFileReference; fileEncoding = 4; lastKnownFileType = sourcecode.c.objc; path = DLGenericContentItem.m; sourceTree = "<group>"; };
		F308A33915FDF84E00B650BE /* NSString+Extras.m */ = {isa = PBXFileReference; fileEncoding = 4; lastKnownFileType = sourcecode.c.objc; path = "NSString+Extras.m"; sourceTree = "<group>"; };
		F308A33A15FDF84E00B650BE /* NSString+Extras.h */ = {isa = PBXFileReference; fileEncoding = 4; lastKnownFileType = sourcecode.c.h; path = "NSString+Extras.h"; sourceTree = "<group>"; };
		F308A33D15FDFCB800B650BE /* DLTextDownloader.h */ = {isa = PBXFileReference; fileEncoding = 4; lastKnownFileType = sourcecode.c.h; path = DLTextDownloader.h; sourceTree = "<group>"; };
		F308A33E15FDFCB800B650BE /* DLTextDownloader.m */ = {isa = PBXFileReference; fileEncoding = 4; lastKnownFileType = sourcecode.c.objc; path = DLTextDownloader.m; sourceTree = "<group>"; };
		F308A34115FDFD0700B650BE /* macro.h */ = {isa = PBXFileReference; fileEncoding = 4; lastKnownFileType = sourcecode.c.h; path = macro.h; sourceTree = "<group>"; };
		F308A34715FE08B600B650BE /* DLDocService.h */ = {isa = PBXFileReference; fileEncoding = 4; lastKnownFileType = sourcecode.c.h; path = DLDocService.h; sourceTree = "<group>"; };
		F308A34815FE08B700B650BE /* DLDocService.m */ = {isa = PBXFileReference; fileEncoding = 4; lastKnownFileType = sourcecode.c.objc; path = DLDocService.m; sourceTree = "<group>"; };
		F308A34B15FE08CD00B650BE /* DLService.h */ = {isa = PBXFileReference; fileEncoding = 4; lastKnownFileType = sourcecode.c.h; path = DLService.h; sourceTree = "<group>"; };
		F308A34C15FE08CD00B650BE /* DLService.m */ = {isa = PBXFileReference; fileEncoding = 4; lastKnownFileType = sourcecode.c.objc; path = DLService.m; sourceTree = "<group>"; };
		F38FAE8415F8F39100B7759F /* libdatownialibrary.a */ = {isa = PBXFileReference; explicitFileType = archive.ar; includeInIndex = 0; path = libdatownialibrary.a; sourceTree = BUILT_PRODUCTS_DIR; };
		F38FAE8715F8F39100B7759F /* Foundation.framework */ = {isa = PBXFileReference; lastKnownFileType = wrapper.framework; name = Foundation.framework; path = System/Library/Frameworks/Foundation.framework; sourceTree = SDKROOT; };
		F38FAE8B15F8F39100B7759F /* datownialibrary-Prefix.pch */ = {isa = PBXFileReference; lastKnownFileType = sourcecode.c.h; path = "datownialibrary-Prefix.pch"; sourceTree = "<group>"; };
		F38FAE9615F8F39100B7759F /* SenTestingKit.framework */ = {isa = PBXFileReference; lastKnownFileType = wrapper.framework; name = SenTestingKit.framework; path = Library/Frameworks/SenTestingKit.framework; sourceTree = DEVELOPER_DIR; };
		F38FAE9815F8F39100B7759F /* UIKit.framework */ = {isa = PBXFileReference; lastKnownFileType = wrapper.framework; name = UIKit.framework; path = Library/Frameworks/UIKit.framework; sourceTree = DEVELOPER_DIR; };
		F38FAF5F15F8F6BC00B7759F /* DLAppService.m */ = {isa = PBXFileReference; fileEncoding = 4; lastKnownFileType = sourcecode.c.objc; path = DLAppService.m; sourceTree = "<group>"; };
		F38FAF6115F8F6BC00B7759F /* DLBase64.m */ = {isa = PBXFileReference; fileEncoding = 4; lastKnownFileType = sourcecode.c.objc; path = DLBase64.m; sourceTree = "<group>"; };
		F38FAF6615F8F6BC00B7759F /* DLFileDownloader.m */ = {isa = PBXFileReference; fileEncoding = 4; lastKnownFileType = sourcecode.c.objc; path = DLFileDownloader.m; sourceTree = "<group>"; };
		F38FAF9915F8F72000B7759F /* LROAuth2AccessToken.m */ = {isa = PBXFileReference; fileEncoding = 4; lastKnownFileType = sourcecode.c.objc; path = LROAuth2AccessToken.m; sourceTree = "<group>"; };
		F38FAF9B15F8F72000B7759F /* LROAuth2Client.m */ = {isa = PBXFileReference; fileEncoding = 4; lastKnownFileType = sourcecode.c.objc; path = LROAuth2Client.m; sourceTree = "<group>"; };
		F38FAF9E15F8F72000B7759F /* LRURLRequestOperation.m */ = {isa = PBXFileReference; fileEncoding = 4; lastKnownFileType = sourcecode.c.objc; path = LRURLRequestOperation.m; sourceTree = "<group>"; };
		F38FAFA015F8F72000B7759F /* NSData+Base64.m */ = {isa = PBXFileReference; fileEncoding = 4; lastKnownFileType = sourcecode.c.objc; path = "NSData+Base64.m"; sourceTree = "<group>"; };
		F38FAFA215F8F72000B7759F /* NSDictionary+QueryString.m */ = {isa = PBXFileReference; fileEncoding = 4; lastKnownFileType = sourcecode.c.objc; path = "NSDictionary+QueryString.m"; sourceTree = "<group>"; };
		F38FAFA415F8F72000B7759F /* NSObject+Tap.m */ = {isa = PBXFileReference; fileEncoding = 4; lastKnownFileType = sourcecode.c.objc; path = "NSObject+Tap.m"; sourceTree = "<group>"; };
		F38FAFA615F8F72000B7759F /* NSRunLoop+Additions.m */ = {isa = PBXFileReference; fileEncoding = 4; lastKnownFileType = sourcecode.c.objc; path = "NSRunLoop+Additions.m"; sourceTree = "<group>"; };
		F38FAFA815F8F72000B7759F /* NSString+QueryString.m */ = {isa = PBXFileReference; fileEncoding = 4; lastKnownFileType = sourcecode.c.objc; path = "NSString+QueryString.m"; sourceTree = "<group>"; };
		F38FAFAA15F8F72000B7759F /* NSURL+QueryInspector.m */ = {isa = PBXFileReference; fileEncoding = 4; lastKnownFileType = sourcecode.c.objc; path = "NSURL+QueryInspector.m"; sourceTree = "<group>"; };
		F38FAFF315F8F8D500B7759F /* UIKit.framework */ = {isa = PBXFileReference; lastKnownFileType = wrapper.framework; name = UIKit.framework; path = System/Library/Frameworks/UIKit.framework; sourceTree = SDKROOT; };
		F38FAFFB15F9E77300B7759F /* LROAuth2AccessToken.h */ = {isa = PBXFileReference; fileEncoding = 4; lastKnownFileType = sourcecode.c.h; path = LROAuth2AccessToken.h; sourceTree = "<group>"; };
		F38FAFFC15F9E77300B7759F /* LROAuth2Client.h */ = {isa = PBXFileReference; fileEncoding = 4; lastKnownFileType = sourcecode.c.h; path = LROAuth2Client.h; sourceTree = "<group>"; };
		F38FAFFD15F9E77300B7759F /* LROAuth2ClientDelegate.h */ = {isa = PBXFileReference; fileEncoding = 4; lastKnownFileType = sourcecode.c.h; path = LROAuth2ClientDelegate.h; sourceTree = "<group>"; };
		F38FAFFE15F9E77300B7759F /* LRURLRequestOperation.h */ = {isa = PBXFileReference; fileEncoding = 4; lastKnownFileType = sourcecode.c.h; path = LRURLRequestOperation.h; sourceTree = "<group>"; };
		F38FAFFF15F9E77300B7759F /* NSData+Base64.h */ = {isa = PBXFileReference; fileEncoding = 4; lastKnownFileType = sourcecode.c.h; path = "NSData+Base64.h"; sourceTree = "<group>"; };
		F38FB00015F9E77300B7759F /* NSDictionary+QueryString.h */ = {isa = PBXFileReference; fileEncoding = 4; lastKnownFileType = sourcecode.c.h; path = "NSDictionary+QueryString.h"; sourceTree = "<group>"; };
		F38FB00115F9E77300B7759F /* NSObject+Tap.h */ = {isa = PBXFileReference; fileEncoding = 4; lastKnownFileType = sourcecode.c.h; path = "NSObject+Tap.h"; sourceTree = "<group>"; };
		F38FB00215F9E77300B7759F /* NSRunLoop+Additions.h */ = {isa = PBXFileReference; fileEncoding = 4; lastKnownFileType = sourcecode.c.h; path = "NSRunLoop+Additions.h"; sourceTree = "<group>"; };
		F38FB00315F9E77300B7759F /* NSString+QueryString.h */ = {isa = PBXFileReference; fileEncoding = 4; lastKnownFileType = sourcecode.c.h; path = "NSString+QueryString.h"; sourceTree = "<group>"; };
		F38FB00415F9E77300B7759F /* NSURL+QueryInspector.h */ = {isa = PBXFileReference; fileEncoding = 4; lastKnownFileType = sourcecode.c.h; path = "NSURL+QueryInspector.h"; sourceTree = "<group>"; };
		F38FB00515F9E78200B7759F /* DLAppService.h */ = {isa = PBXFileReference; fileEncoding = 4; lastKnownFileType = sourcecode.c.h; path = DLAppService.h; sourceTree = "<group>"; };
		F38FB00615F9E78200B7759F /* DLBase64.h */ = {isa = PBXFileReference; fileEncoding = 4; lastKnownFileType = sourcecode.c.h; path = DLBase64.h; sourceTree = "<group>"; };
		F38FB00715F9E78200B7759F /* datownialibrary.h */ = {isa = PBXFileReference; fileEncoding = 4; lastKnownFileType = sourcecode.c.h; path = datownialibrary.h; sourceTree = "<group>"; };
		F38FB00815F9E78200B7759F /* DownloaderDelegate.h */ = {isa = PBXFileReference; fileEncoding = 4; lastKnownFileType = sourcecode.c.h; path = DownloaderDelegate.h; sourceTree = "<group>"; };
		F38FB00A15F9E78200B7759F /* DLFileDownloader.h */ = {isa = PBXFileReference; fileEncoding = 4; lastKnownFileType = sourcecode.c.h; path = DLFileDownloader.h; sourceTree = "<group>"; };
		F38FB0A615FA161000B7759F /* DLOfflineApiDataSync.h */ = {isa = PBXFileReference; fileEncoding = 4; lastKnownFileType = sourcecode.c.h; path = DLOfflineApiDataSync.h; sourceTree = "<group>"; };
		F38FB0A715FA161000B7759F /* DLOfflineApiDataSync.m */ = {isa = PBXFileReference; fileEncoding = 4; lastKnownFileType = sourcecode.c.objc; path = DLOfflineApiDataSync.m; sourceTree = "<group>"; };
		F38FB0AE15FA18F600B7759F /* DLAppConfiguration.h */ = {isa = PBXFileReference; fileEncoding = 4; lastKnownFileType = sourcecode.c.h; path = DLAppConfiguration.h; sourceTree = "<group>"; };
		F38FB0AF15FA18F700B7759F /* DLAppConfiguration.m */ = {isa = PBXFileReference; fileEncoding = 4; lastKnownFileType = sourcecode.c.objc; path = DLAppConfiguration.m; sourceTree = "<group>"; };
		F38FB0B215FA342900B7759F /* DLConstants.h */ = {isa = PBXFileReference; fileEncoding = 4; lastKnownFileType = sourcecode.c.h; path = DLConstants.h; sourceTree = "<group>"; };
		F38FB0B315FA342900B7759F /* DLConstants.m */ = {isa = PBXFileReference; fileEncoding = 4; lastKnownFileType = sourcecode.c.objc; path = DLConstants.m; sourceTree = "<group>"; };
		F38FB0BA15FDDB0500B7759F /* DLDbManager.h */ = {isa = PBXFileReference; fileEncoding = 4; lastKnownFileType = sourcecode.c.h; path = DLDbManager.h; sourceTree = "<group>"; };
		F38FB0BB15FDDB0500B7759F /* DLDbManager.m */ = {isa = PBXFileReference; fileEncoding = 4; lastKnownFileType = sourcecode.c.objc; path = DLDbManager.m; sourceTree = "<group>"; };
		F38FB0BC15FDDB0500B7759F /* DLFMDatabase.h */ = {isa = PBXFileReference; fileEncoding = 4; lastKnownFileType = sourcecode.c.h; path = DLFMDatabase.h; sourceTree = "<group>"; };
		F38FB0BD15FDDB0500B7759F /* DLFMDatabase.m */ = {isa = PBXFileReference; fileEncoding = 4; lastKnownFileType = sourcecode.c.objc; path = DLFMDatabase.m; sourceTree = "<group>"; };
		F38FB0BE15FDDB0500B7759F /* FMDatabaseAdditions.h */ = {isa = PBXFileReference; fileEncoding = 4; lastKnownFileType = sourcecode.c.h; path = FMDatabaseAdditions.h; sourceTree = "<group>"; };
		F38FB0BF15FDDB0500B7759F /* FMDatabaseAdditions.m */ = {isa = PBXFileReference; fileEncoding = 4; lastKnownFileType = sourcecode.c.objc; path = FMDatabaseAdditions.m; sourceTree = "<group>"; };
		F38FB0C015FDDB0500B7759F /* DLFMResultSet.h */ = {isa = PBXFileReference; fileEncoding = 4; lastKnownFileType = sourcecode.c.h; path = DLFMResultSet.h; sourceTree = "<group>"; };
		F38FB0C115FDDB0500B7759F /* DLFMResultSet.m */ = {isa = PBXFileReference; fileEncoding = 4; lastKnownFileType = sourcecode.c.objc; path = DLFMResultSet.m; sourceTree = "<group>"; };
		F3D423D9163EA99E004C66CB /* DLFMSyncedDatabase.h */ = {isa = PBXFileReference; fileEncoding = 4; lastKnownFileType = sourcecode.c.h; path = DLFMSyncedDatabase.h; sourceTree = "<group>"; };
		F3D423DA163EA99E004C66CB /* DLFMSyncedDatabase.m */ = {isa = PBXFileReference; fileEncoding = 4; lastKnownFileType = sourcecode.c.objc; path = DLFMSyncedDatabase.m; sourceTree = "<group>"; };
		F3FCFD091715ED6E00257B6C /* DLSqlParser.h */ = {isa = PBXFileReference; fileEncoding = 4; lastKnownFileType = sourcecode.c.h; path = DLSqlParser.h; sourceTree = "<group>"; };
		F3FCFD0A1715ED6E00257B6C /* DLSqlParser.m */ = {isa = PBXFileReference; fileEncoding = 4; lastKnownFileType = sourcecode.c.objc; path = DLSqlParser.m; sourceTree = "<group>"; };
/* End PBXFileReference section */

/* Begin PBXFrameworksBuildPhase section */
		F38FAE8115F8F39100B7759F /* Frameworks */ = {
			isa = PBXFrameworksBuildPhase;
			buildActionMask = 2147483647;
			files = (
				F38FAFF415F8F8D500B7759F /* UIKit.framework in Frameworks */,
				F38FAE8815F8F39100B7759F /* Foundation.framework in Frameworks */,
			);
			runOnlyForDeploymentPostprocessing = 0;
		};
/* End PBXFrameworksBuildPhase section */

/* Begin PBXGroup section */
		F308A32C15FDF7B500B650BE /* Model */ = {
			isa = PBXGroup;
			children = (
				F308A32D15FDF7CC00B650BE /* DLDocument.h */,
				F308A32E15FDF7CC00B650BE /* DLDocument.m */,
				F308A32F15FDF7CC00B650BE /* DLContentItem.h */,
				F308A33015FDF7CC00B650BE /* DLContentItem.m */,
				F308A33515FDF82500B650BE /* DLGenericContentItem.h */,
				F308A33615FDF82500B650BE /* DLGenericContentItem.m */,
				F308A33915FDF84E00B650BE /* NSString+Extras.m */,
				F308A33A15FDF84E00B650BE /* NSString+Extras.h */,
			);
			name = Model;
			sourceTree = "<group>";
		};
		F38FAE7915F8F39100B7759F = {
			isa = PBXGroup;
			children = (
				F38FAE8915F8F39100B7759F /* datownialibrary */,
				F38FAE8615F8F39100B7759F /* Frameworks */,
				F38FAE8515F8F39100B7759F /* Products */,
			);
			sourceTree = "<group>";
		};
		F38FAE8515F8F39100B7759F /* Products */ = {
			isa = PBXGroup;
			children = (
				F38FAE8415F8F39100B7759F /* libdatownialibrary.a */,
			);
			name = Products;
			sourceTree = "<group>";
		};
		F38FAE8615F8F39100B7759F /* Frameworks */ = {
			isa = PBXGroup;
			children = (
				F38FAFF315F8F8D500B7759F /* UIKit.framework */,
				F38FAE8715F8F39100B7759F /* Foundation.framework */,
				F38FAE9615F8F39100B7759F /* SenTestingKit.framework */,
				F38FAE9815F8F39100B7759F /* UIKit.framework */,
			);
			name = Frameworks;
			sourceTree = "<group>";
		};
		F38FAE8915F8F39100B7759F /* datownialibrary */ = {
			isa = PBXGroup;
			children = (
				F308A32C15FDF7B500B650BE /* Model */,
				F38FB0B915FDDB0400B7759F /* Data Access */,
				F38FAF9715F8F72000B7759F /* LROAuth2 */,
				F38FB00515F9E78200B7759F /* DLAppService.h */,
				F38FAF5F15F8F6BC00B7759F /* DLAppService.m */,
				F308A34715FE08B600B650BE /* DLDocService.h */,
				F308A34815FE08B700B650BE /* DLDocService.m */,
				F308A34B15FE08CD00B650BE /* DLService.h */,
				F308A34C15FE08CD00B650BE /* DLService.m */,
				F38FB00615F9E78200B7759F /* DLBase64.h */,
				F38FAF6115F8F6BC00B7759F /* DLBase64.m */,
				F38FB00A15F9E78200B7759F /* DLFileDownloader.h */,
				F38FAF6615F8F6BC00B7759F /* DLFileDownloader.m */,
				F308A33D15FDFCB800B650BE /* DLTextDownloader.h */,
				F308A33E15FDFCB800B650BE /* DLTextDownloader.m */,
				F38FB00715F9E78200B7759F /* datownialibrary.h */,
				F38FB00815F9E78200B7759F /* DownloaderDelegate.h */,
				F38FB0AE15FA18F600B7759F /* DLAppConfiguration.h */,
				F38FB0AF15FA18F700B7759F /* DLAppConfiguration.m */,
				F38FB0A615FA161000B7759F /* DLOfflineApiDataSync.h */,
				F38FB0A715FA161000B7759F /* DLOfflineApiDataSync.m */,
				F308A34115FDFD0700B650BE /* macro.h */,
				F38FB0B215FA342900B7759F /* DLConstants.h */,
				F38FB0B315FA342900B7759F /* DLConstants.m */,
				F3FCFD091715ED6E00257B6C /* DLSqlParser.h */,
				F3FCFD0A1715ED6E00257B6C /* DLSqlParser.m */,
				F38FAE8A15F8F39100B7759F /* Supporting Files */,
				32B13A21171D5A000040FF63 /* DLSeqExtractor.h */,
				32B13A22171D5A000040FF63 /* DLSeqExtractor.m */,
			);
			path = datownialibrary;
			sourceTree = "<group>";
		};
		F38FAE8A15F8F39100B7759F /* Supporting Files */ = {
			isa = PBXGroup;
			children = (
				F38FAE8B15F8F39100B7759F /* datownialibrary-Prefix.pch */,
			);
			name = "Supporting Files";
			sourceTree = "<group>";
		};
		F38FAF9715F8F72000B7759F /* LROAuth2 */ = {
			isa = PBXGroup;
			children = (
				F38FAFFB15F9E77300B7759F /* LROAuth2AccessToken.h */,
				F38FAF9915F8F72000B7759F /* LROAuth2AccessToken.m */,
				F38FAFFC15F9E77300B7759F /* LROAuth2Client.h */,
				F38FAF9B15F8F72000B7759F /* LROAuth2Client.m */,
				F38FAFFD15F9E77300B7759F /* LROAuth2ClientDelegate.h */,
				F38FAFFE15F9E77300B7759F /* LRURLRequestOperation.h */,
				F38FAF9E15F8F72000B7759F /* LRURLRequestOperation.m */,
				F38FAFFF15F9E77300B7759F /* NSData+Base64.h */,
				F38FAFA015F8F72000B7759F /* NSData+Base64.m */,
				F38FB00015F9E77300B7759F /* NSDictionary+QueryString.h */,
				F38FAFA215F8F72000B7759F /* NSDictionary+QueryString.m */,
				F38FB00115F9E77300B7759F /* NSObject+Tap.h */,
				F38FAFA415F8F72000B7759F /* NSObject+Tap.m */,
				F38FB00215F9E77300B7759F /* NSRunLoop+Additions.h */,
				F38FAFA615F8F72000B7759F /* NSRunLoop+Additions.m */,
				F38FB00315F9E77300B7759F /* NSString+QueryString.h */,
				F38FAFA815F8F72000B7759F /* NSString+QueryString.m */,
				F38FB00415F9E77300B7759F /* NSURL+QueryInspector.h */,
				F38FAFAA15F8F72000B7759F /* NSURL+QueryInspector.m */,
			);
			path = LROAuth2;
			sourceTree = "<group>";
		};
		F38FB0B915FDDB0400B7759F /* Data Access */ = {
			isa = PBXGroup;
			children = (
				F38FB0BA15FDDB0500B7759F /* DLDbManager.h */,
				F38FB0BB15FDDB0500B7759F /* DLDbManager.m */,
				F38FB0BC15FDDB0500B7759F /* DLFMDatabase.h */,
				F38FB0BD15FDDB0500B7759F /* DLFMDatabase.m */,
				F38FB0BE15FDDB0500B7759F /* FMDatabaseAdditions.h */,
				F38FB0BF15FDDB0500B7759F /* FMDatabaseAdditions.m */,
				F38FB0C015FDDB0500B7759F /* DLFMResultSet.h */,
				F38FB0C115FDDB0500B7759F /* DLFMResultSet.m */,
				F3D423D9163EA99E004C66CB /* DLFMSyncedDatabase.h */,
				F3D423DA163EA99E004C66CB /* DLFMSyncedDatabase.m */,
			);
			path = "Data Access";
			sourceTree = "<group>";
		};
/* End PBXGroup section */

/* Begin PBXHeadersBuildPhase section */
		F38FB00B15F9EAAA00B7759F /* Headers */ = {
			isa = PBXHeadersBuildPhase;
			buildActionMask = 2147483647;
			files = (
				3299026316B158F0006DC100 /* DLAppService.h in Headers */,
				3299026816B158F8006DC100 /* DLFileDownloader.h in Headers */,
				3299026616B158F4006DC100 /* DLService.h in Headers */,
				3299026916B158FA006DC100 /* DLTextDownloader.h in Headers */,
				3299026D16B1590D006DC100 /* DLOfflineApiDataSync.h in Headers */,
				3299026F16B15912006DC100 /* DLConstants.h in Headers */,
				3299026E16B15910006DC100 /* macro.h in Headers */,
				3299027016B15915006DC100 /* LROAuth2AccessToken.h in Headers */,
				3299026A16B158FE006DC100 /* datownialibrary.h in Headers */,
				3299026B16B15908006DC100 /* DownloaderDelegate.h in Headers */,
				3299027116B15916006DC100 /* LROAuth2Client.h in Headers */,
				3299027316B15919006DC100 /* LRURLRequestOperation.h in Headers */,
				3299027B16B15925006DC100 /* DLFMDatabase.h in Headers */,
				3299027A16B15924006DC100 /* DLDbManager.h in Headers */,
				3299027F16B15934006DC100 /* DLDocument.h in Headers */,
				3299028016B15935006DC100 /* DLContentItem.h in Headers */,
				3299027C16B15927006DC100 /* FMDatabaseAdditions.h in Headers */,
				3299027516B1591B006DC100 /* NSDictionary+QueryString.h in Headers */,
				3299027216B15917006DC100 /* LROAuth2ClientDelegate.h in Headers */,
				3299028216B15938006DC100 /* NSString+Extras.h in Headers */,
				3299028116B15936006DC100 /* DLGenericContentItem.h in Headers */,
				3299027616B1591D006DC100 /* NSObject+Tap.h in Headers */,
				3299027916B15922006DC100 /* NSURL+QueryInspector.h in Headers */,
				3299027D16B15928006DC100 /* DLFMResultSet.h in Headers */,
				3299027E16B1592A006DC100 /* DLFMSyncedDatabase.h in Headers */,
				3299027816B15920006DC100 /* NSString+QueryString.h in Headers */,
				3299027716B1591E006DC100 /* NSRunLoop+Additions.h in Headers */,
				3299026C16B1590A006DC100 /* DLAppConfiguration.h in Headers */,
				3299027416B1591A006DC100 /* NSData+Base64.h in Headers */,
				3299026716B158F7006DC100 /* DLBase64.h in Headers */,
				32B13A23171D5A000040FF63 /* DLSeqExtractor.h in Headers */,
				F3FCFD0B1715ED6E00257B6C /* DLSqlParser.h in Headers */,
				3299026516B158F2006DC100 /* DLDocService.h in Headers */,
			);
			runOnlyForDeploymentPostprocessing = 0;
		};
/* End PBXHeadersBuildPhase section */

/* Begin PBXNativeTarget section */
		F38FAE8315F8F39100B7759F /* datownialibrary */ = {
			isa = PBXNativeTarget;
			buildConfigurationList = F38FAEA915F8F39100B7759F /* Build configuration list for PBXNativeTarget "datownialibrary" */;
			buildPhases = (
				F38FAE8015F8F39100B7759F /* Sources */,
				F38FAE8115F8F39100B7759F /* Frameworks */,
				F38FB00B15F9EAAA00B7759F /* Headers */,
			);
			buildRules = (
			);
			dependencies = (
			);
			name = datownialibrary;
			productName = datownialibrary;
			productReference = F38FAE8415F8F39100B7759F /* libdatownialibrary.a */;
			productType = "com.apple.product-type.library.static";
		};
/* End PBXNativeTarget section */

/* Begin PBXProject section */
		F38FAE7B15F8F39100B7759F /* Project object */ = {
			isa = PBXProject;
			attributes = {
				LastUpgradeCheck = 0500;
				ORGANIZATIONNAME = datownia;
			};
			buildConfigurationList = F38FAE7E15F8F39100B7759F /* Build configuration list for PBXProject "datownialibrary" */;
			compatibilityVersion = "Xcode 3.2";
			developmentRegion = English;
			hasScannedForEncodings = 0;
			knownRegions = (
				en,
			);
			mainGroup = F38FAE7915F8F39100B7759F;
			productRefGroup = F38FAE8515F8F39100B7759F /* Products */;
			projectDirPath = "";
			projectRoot = "";
			targets = (
				F38FAE8315F8F39100B7759F /* datownialibrary */,
			);
		};
/* End PBXProject section */

/* Begin PBXSourcesBuildPhase section */
		F38FAE8015F8F39100B7759F /* Sources */ = {
			isa = PBXSourcesBuildPhase;
			buildActionMask = 2147483647;
			files = (
				F38FAF7B15F8F6BC00B7759F /* DLAppService.m in Sources */,
				F38FAF7D15F8F6BC00B7759F /* DLBase64.m in Sources */,
				F38FAF8115F8F6BC00B7759F /* DLFileDownloader.m in Sources */,
				F38FAFAB15F8F72000B7759F /* LROAuth2AccessToken.m in Sources */,
				F38FAFAD15F8F72000B7759F /* LROAuth2Client.m in Sources */,
				F38FAFAF15F8F72000B7759F /* LRURLRequestOperation.m in Sources */,
				F38FAFB115F8F72000B7759F /* NSData+Base64.m in Sources */,
				F38FAFB315F8F72000B7759F /* NSDictionary+QueryString.m in Sources */,
				F38FAFB515F8F72000B7759F /* NSObject+Tap.m in Sources */,
				F38FAFB715F8F72000B7759F /* NSRunLoop+Additions.m in Sources */,
				F38FAFB915F8F72000B7759F /* NSString+QueryString.m in Sources */,
				F38FAFBB15F8F72000B7759F /* NSURL+QueryInspector.m in Sources */,
				F38FB0A915FA161100B7759F /* DLOfflineApiDataSync.m in Sources */,
				F38FB0B115FA18F700B7759F /* DLAppConfiguration.m in Sources */,
				F38FB0B515FA342900B7759F /* DLConstants.m in Sources */,
				F38FB0C315FDDB0500B7759F /* DLDbManager.m in Sources */,
				F38FB0C515FDDB0500B7759F /* DLFMDatabase.m in Sources */,
				F38FB0C715FDDB0500B7759F /* FMDatabaseAdditions.m in Sources */,
				F38FB0C915FDDB0500B7759F /* DLFMResultSet.m in Sources */,
				F308A33215FDF7CC00B650BE /* DLDocument.m in Sources */,
				F308A33415FDF7CC00B650BE /* DLContentItem.m in Sources */,
				F308A33815FDF82500B650BE /* DLGenericContentItem.m in Sources */,
				F308A33B15FDF84E00B650BE /* NSString+Extras.m in Sources */,
				F308A34015FDFCB800B650BE /* DLTextDownloader.m in Sources */,
				F308A34A15FE08BA00B650BE /* DLDocService.m in Sources */,
				F308A34E15FE08CD00B650BE /* DLService.m in Sources */,
				F3D423DC163EA99E004C66CB /* DLFMSyncedDatabase.m in Sources */,
				F3FCFD0C1715ED6F00257B6C /* DLSqlParser.m in Sources */,
				32B13A24171D5A000040FF63 /* DLSeqExtractor.m in Sources */,
			);
			runOnlyForDeploymentPostprocessing = 0;
		};
/* End PBXSourcesBuildPhase section */

/* Begin XCBuildConfiguration section */
		F38FAEA715F8F39100B7759F /* Debug */ = {
			isa = XCBuildConfiguration;
			buildSettings = {
				ALWAYS_SEARCH_USER_PATHS = NO;
				CLANG_CXX_LANGUAGE_STANDARD = "gnu++0x";
				CLANG_ENABLE_OBJC_ARC = YES;
				CLANG_WARN_BOOL_CONVERSION = YES;
				CLANG_WARN_CONSTANT_CONVERSION = YES;
				CLANG_WARN_EMPTY_BODY = YES;
				CLANG_WARN_ENUM_CONVERSION = YES;
				CLANG_WARN_INT_CONVERSION = YES;
				CLANG_WARN__DUPLICATE_METHOD_MATCH = YES;
				COPY_PHASE_STRIP = NO;
				GCC_C_LANGUAGE_STANDARD = gnu99;
				GCC_DYNAMIC_NO_PIC = NO;
				GCC_OPTIMIZATION_LEVEL = 0;
				GCC_PREPROCESSOR_DEFINITIONS = (
					"DEBUG=1",
					"$(inherited)",
				);
				GCC_SYMBOLS_PRIVATE_EXTERN = NO;
				GCC_VERSION = com.apple.compilers.llvm.clang.1_0;
				GCC_WARN_ABOUT_RETURN_TYPE = YES;
				GCC_WARN_UNDECLARED_SELECTOR = YES;
				GCC_WARN_UNINITIALIZED_AUTOS = YES;
				GCC_WARN_UNUSED_FUNCTION = YES;
				GCC_WARN_UNUSED_VARIABLE = YES;
				IPHONEOS_DEPLOYMENT_TARGET = 5.1;
				ONLY_ACTIVE_ARCH = YES;
				SDKROOT = iphoneos;
			};
			name = Debug;
		};
		F38FAEA815F8F39100B7759F /* Release */ = {
			isa = XCBuildConfiguration;
			buildSettings = {
				ALWAYS_SEARCH_USER_PATHS = NO;
				CLANG_CXX_LANGUAGE_STANDARD = "gnu++0x";
				CLANG_ENABLE_OBJC_ARC = YES;
				CLANG_WARN_BOOL_CONVERSION = YES;
				CLANG_WARN_CONSTANT_CONVERSION = YES;
				CLANG_WARN_EMPTY_BODY = YES;
				CLANG_WARN_ENUM_CONVERSION = YES;
				CLANG_WARN_INT_CONVERSION = YES;
				CLANG_WARN__DUPLICATE_METHOD_MATCH = YES;
				COPY_PHASE_STRIP = YES;
				GCC_C_LANGUAGE_STANDARD = gnu99;
				GCC_VERSION = com.apple.compilers.llvm.clang.1_0;
				GCC_WARN_ABOUT_RETURN_TYPE = YES;
				GCC_WARN_UNDECLARED_SELECTOR = YES;
				GCC_WARN_UNINITIALIZED_AUTOS = YES;
				GCC_WARN_UNUSED_FUNCTION = YES;
				GCC_WARN_UNUSED_VARIABLE = YES;
				IPHONEOS_DEPLOYMENT_TARGET = 5.1;
				SDKROOT = iphoneos;
				VALIDATE_PRODUCT = YES;
			};
			name = Release;
		};
		F38FAEAA15F8F39100B7759F /* Debug */ = {
			isa = XCBuildConfiguration;
			buildSettings = {
				ALWAYS_SEARCH_USER_PATHS = YES;
				DSTROOT = /tmp/datownialibrary.dst;
				GCC_PRECOMPILE_PREFIX_HEADER = YES;
				GCC_PREFIX_HEADER = "datownialibrary/datownialibrary-Prefix.pch";
				LIBRARY_SEARCH_PATHS = "$(inherited)";
				OTHER_LDFLAGS = "-ObjC";
				PRODUCT_NAME = "$(TARGET_NAME)";
				PUBLIC_HEADERS_FOLDER_PATH = "include/$(TARGET_NAME)";
				SKIP_INSTALL = YES;
				USER_HEADER_SEARCH_PATHS = "\"$(PROJECT_TEMP_DIR)/../UninstalledProducts/include\"";
			};
			name = Debug;
		};
		F38FAEAB15F8F39100B7759F /* Release */ = {
			isa = XCBuildConfiguration;
			buildSettings = {
				ALWAYS_SEARCH_USER_PATHS = YES;
				DSTROOT = /tmp/datownialibrary.dst;
				GCC_PRECOMPILE_PREFIX_HEADER = YES;
				GCC_PREFIX_HEADER = "datownialibrary/datownialibrary-Prefix.pch";
				LIBRARY_SEARCH_PATHS = "$(inherited)";
				OTHER_LDFLAGS = "-ObjC";
				PRODUCT_NAME = "$(TARGET_NAME)";
				PUBLIC_HEADERS_FOLDER_PATH = "include/$(TARGET_NAME)";
				SKIP_INSTALL = YES;
				USER_HEADER_SEARCH_PATHS = "\"$(PROJECT_TEMP_DIR)/../UninstalledProducts/include\"";
			};
			name = Release;
		};
/* End XCBuildConfiguration section */

/* Begin XCConfigurationList section */
		F38FAE7E15F8F39100B7759F /* Build configuration list for PBXProject "datownialibrary" */ = {
			isa = XCConfigurationList;
			buildConfigurations = (
				F38FAEA715F8F39100B7759F /* Debug */,
				F38FAEA815F8F39100B7759F /* Release */,
			);
			defaultConfigurationIsVisible = 0;
			defaultConfigurationName = Release;
		};
		F38FAEA915F8F39100B7759F /* Build configuration list for PBXNativeTarget "datownialibrary" */ = {
			isa = XCConfigurationList;
			buildConfigurations = (
				F38FAEAA15F8F39100B7759F /* Debug */,
				F38FAEAB15F8F39100B7759F /* Release */,
			);
			defaultConfigurationIsVisible = 0;
			defaultConfigurationName = Release;
		};
/* End XCConfigurationList section */
	};
	rootObject = F38FAE7B15F8F39100B7759F /* Project object */;
}
