// !$*UTF8*$!
{
	archiveVersion = 1;
	classes = {
	};
	objectVersion = 46;
	objects = {

/* Begin PBXBuildFile section */
		F308A31515FDF76100B650BE /* JSONKit.h in Headers */ = {isa = PBXBuildFile; fileRef = F308A31315FDF76100B650BE /* JSONKit.h */; };
		F308A31615FDF76100B650BE /* JSONKit.m in Sources */ = {isa = PBXBuildFile; fileRef = F308A31415FDF76100B650BE /* JSONKit.m */; settings = {COMPILER_FLAGS = "-fno-objc-arc"; }; };
		F308A33115FDF7CC00B650BE /* DLDocument.h in Headers */ = {isa = PBXBuildFile; fileRef = F308A32D15FDF7CC00B650BE /* DLDocument.h */; };
		F308A33215FDF7CC00B650BE /* DLDocument.m in Sources */ = {isa = PBXBuildFile; fileRef = F308A32E15FDF7CC00B650BE /* DLDocument.m */; };
		F308A33315FDF7CC00B650BE /* DLContentItem.h in Headers */ = {isa = PBXBuildFile; fileRef = F308A32F15FDF7CC00B650BE /* DLContentItem.h */; };
		F308A33415FDF7CC00B650BE /* DLContentItem.m in Sources */ = {isa = PBXBuildFile; fileRef = F308A33015FDF7CC00B650BE /* DLContentItem.m */; };
		F308A33715FDF82500B650BE /* DLGenericContentItem.h in Headers */ = {isa = PBXBuildFile; fileRef = F308A33515FDF82500B650BE /* DLGenericContentItem.h */; };
		F308A33815FDF82500B650BE /* DLGenericContentItem.m in Sources */ = {isa = PBXBuildFile; fileRef = F308A33615FDF82500B650BE /* DLGenericContentItem.m */; };
		F308A33B15FDF84E00B650BE /* NSString+Extras.m in Sources */ = {isa = PBXBuildFile; fileRef = F308A33915FDF84E00B650BE /* NSString+Extras.m */; };
		F308A33C15FDF84E00B650BE /* NSString+Extras.h in Headers */ = {isa = PBXBuildFile; fileRef = F308A33A15FDF84E00B650BE /* NSString+Extras.h */; };
		F308A33F15FDFCB800B650BE /* TextDownloader.h in Headers */ = {isa = PBXBuildFile; fileRef = F308A33D15FDFCB800B650BE /* TextDownloader.h */; };
		F308A34015FDFCB800B650BE /* TextDownloader.m in Sources */ = {isa = PBXBuildFile; fileRef = F308A33E15FDFCB800B650BE /* TextDownloader.m */; };
		F308A34215FDFD0700B650BE /* macro.h in Headers */ = {isa = PBXBuildFile; fileRef = F308A34115FDFD0700B650BE /* macro.h */; };
		F308A34915FE08BA00B650BE /* DLDocService.h in Headers */ = {isa = PBXBuildFile; fileRef = F308A34715FE08B600B650BE /* DLDocService.h */; settings = {ATTRIBUTES = (Public, ); }; };
		F308A34A15FE08BA00B650BE /* DLDocService.m in Sources */ = {isa = PBXBuildFile; fileRef = F308A34815FE08B700B650BE /* DLDocService.m */; };
		F308A34D15FE08CD00B650BE /* DLService.h in Headers */ = {isa = PBXBuildFile; fileRef = F308A34B15FE08CD00B650BE /* DLService.h */; settings = {ATTRIBUTES = (Public, ); }; };
		F308A34E15FE08CD00B650BE /* DLService.m in Sources */ = {isa = PBXBuildFile; fileRef = F308A34C15FE08CD00B650BE /* DLService.m */; };
		F38FAE8815F8F39100B7759F /* Foundation.framework in Frameworks */ = {isa = PBXBuildFile; fileRef = F38FAE8715F8F39100B7759F /* Foundation.framework */; };
		F38FAF7B15F8F6BC00B7759F /* DLAppService.m in Sources */ = {isa = PBXBuildFile; fileRef = F38FAF5F15F8F6BC00B7759F /* DLAppService.m */; };
		F38FAF7D15F8F6BC00B7759F /* Base64.m in Sources */ = {isa = PBXBuildFile; fileRef = F38FAF6115F8F6BC00B7759F /* Base64.m */; };
		F38FAF8115F8F6BC00B7759F /* FileDownloader.m in Sources */ = {isa = PBXBuildFile; fileRef = F38FAF6615F8F6BC00B7759F /* FileDownloader.m */; };
		F38FAFAB15F8F72000B7759F /* LROAuth2AccessToken.m in Sources */ = {isa = PBXBuildFile; fileRef = F38FAF9915F8F72000B7759F /* LROAuth2AccessToken.m */; };
		F38FAFAD15F8F72000B7759F /* LROAuth2Client.m in Sources */ = {isa = PBXBuildFile; fileRef = F38FAF9B15F8F72000B7759F /* LROAuth2Client.m */; };
		F38FAFAF15F8F72000B7759F /* LRURLRequestOperation.m in Sources */ = {isa = PBXBuildFile; fileRef = F38FAF9E15F8F72000B7759F /* LRURLRequestOperation.m */; };
		F38FAFB115F8F72000B7759F /* NSData+Base64.m in Sources */ = {isa = PBXBuildFile; fileRef = F38FAFA015F8F72000B7759F /* NSData+Base64.m */; };
		F38FAFB315F8F72000B7759F /* NSDictionary+QueryString.m in Sources */ = {isa = PBXBuildFile; fileRef = F38FAFA215F8F72000B7759F /* NSDictionary+QueryString.m */; };
		F38FAFB515F8F72000B7759F /* NSObject+Tap.m in Sources */ = {isa = PBXBuildFile; fileRef = F38FAFA415F8F72000B7759F /* NSObject+Tap.m */; };
		F38FAFB715F8F72000B7759F /* NSRunLoop+Additions.m in Sources */ = {isa = PBXBuildFile; fileRef = F38FAFA615F8F72000B7759F /* NSRunLoop+Additions.m */; };
		F38FAFB915F8F72000B7759F /* NSString+QueryString.m in Sources */ = {isa = PBXBuildFile; fileRef = F38FAFA815F8F72000B7759F /* NSString+QueryString.m */; };
		F38FAFBB15F8F72000B7759F /* NSURL+QueryInspector.m in Sources */ = {isa = PBXBuildFile; fileRef = F38FAFAA15F8F72000B7759F /* NSURL+QueryInspector.m */; };
		F38FAFF415F8F8D500B7759F /* UIKit.framework in Frameworks */ = {isa = PBXBuildFile; fileRef = F38FAFF315F8F8D500B7759F /* UIKit.framework */; };
		F38FB00C15F9EAB000B7759F /* datownialibrary.h in Headers */ = {isa = PBXBuildFile; fileRef = F38FB00715F9E78200B7759F /* datownialibrary.h */; settings = {ATTRIBUTES = (Public, ); }; };
		F38FB00D15F9EAB100B7759F /* DLAppService.h in Headers */ = {isa = PBXBuildFile; fileRef = F38FB00515F9E78200B7759F /* DLAppService.h */; settings = {ATTRIBUTES = (Public, ); }; };
		F38FB00E15F9EAD500B7759F /* LROAuth2ClientDelegate.h in Headers */ = {isa = PBXBuildFile; fileRef = F38FAFFD15F9E77300B7759F /* LROAuth2ClientDelegate.h */; settings = {ATTRIBUTES = (Public, ); }; };
		F38FB00F15F9EADF00B7759F /* DownloaderDelegate.h in Headers */ = {isa = PBXBuildFile; fileRef = F38FB00815F9E78200B7759F /* DownloaderDelegate.h */; settings = {ATTRIBUTES = (Public, ); }; };
		F38FB01015F9EAE000B7759F /* FileDownloader.h in Headers */ = {isa = PBXBuildFile; fileRef = F38FB00A15F9E78200B7759F /* FileDownloader.h */; settings = {ATTRIBUTES = (Public, ); }; };
		F38FB01215F9EAE300B7759F /* Base64.h in Headers */ = {isa = PBXBuildFile; fileRef = F38FB00615F9E78200B7759F /* Base64.h */; settings = {ATTRIBUTES = (Public, ); }; };
		F38FB01315F9EAE600B7759F /* NSURL+QueryInspector.h in Headers */ = {isa = PBXBuildFile; fileRef = F38FB00415F9E77300B7759F /* NSURL+QueryInspector.h */; settings = {ATTRIBUTES = (Public, ); }; };
		F38FB01415F9EAE800B7759F /* NSString+QueryString.h in Headers */ = {isa = PBXBuildFile; fileRef = F38FB00315F9E77300B7759F /* NSString+QueryString.h */; settings = {ATTRIBUTES = (Public, ); }; };
		F38FB01515F9EAE900B7759F /* NSRunLoop+Additions.h in Headers */ = {isa = PBXBuildFile; fileRef = F38FB00215F9E77300B7759F /* NSRunLoop+Additions.h */; settings = {ATTRIBUTES = (Public, ); }; };
		F38FB01615F9EAEB00B7759F /* NSObject+Tap.h in Headers */ = {isa = PBXBuildFile; fileRef = F38FB00115F9E77300B7759F /* NSObject+Tap.h */; settings = {ATTRIBUTES = (Public, ); }; };
		F38FB01715F9EAEC00B7759F /* NSDictionary+QueryString.h in Headers */ = {isa = PBXBuildFile; fileRef = F38FB00015F9E77300B7759F /* NSDictionary+QueryString.h */; settings = {ATTRIBUTES = (Public, ); }; };
		F38FB01815F9EAEE00B7759F /* NSData+Base64.h in Headers */ = {isa = PBXBuildFile; fileRef = F38FAFFF15F9E77300B7759F /* NSData+Base64.h */; settings = {ATTRIBUTES = (Public, ); }; };
		F38FB01915F9EAEF00B7759F /* LRURLRequestOperation.h in Headers */ = {isa = PBXBuildFile; fileRef = F38FAFFE15F9E77300B7759F /* LRURLRequestOperation.h */; settings = {ATTRIBUTES = (Public, ); }; };
		F38FB01A15F9EAF200B7759F /* LROAuth2Client.h in Headers */ = {isa = PBXBuildFile; fileRef = F38FAFFC15F9E77300B7759F /* LROAuth2Client.h */; settings = {ATTRIBUTES = (Public, ); }; };
		F38FB0A815FA161100B7759F /* DLOfflineApiDataSync.h in Headers */ = {isa = PBXBuildFile; fileRef = F38FB0A615FA161000B7759F /* DLOfflineApiDataSync.h */; settings = {ATTRIBUTES = (Public, ); }; };
		F38FB0A915FA161100B7759F /* DLOfflineApiDataSync.m in Sources */ = {isa = PBXBuildFile; fileRef = F38FB0A715FA161000B7759F /* DLOfflineApiDataSync.m */; };
		F38FB0B015FA18F700B7759F /* DLAppConfiguration.h in Headers */ = {isa = PBXBuildFile; fileRef = F38FB0AE15FA18F600B7759F /* DLAppConfiguration.h */; settings = {ATTRIBUTES = (Public, ); }; };
		F38FB0B115FA18F700B7759F /* DLAppConfiguration.m in Sources */ = {isa = PBXBuildFile; fileRef = F38FB0AF15FA18F700B7759F /* DLAppConfiguration.m */; };
		F38FB0B415FA342900B7759F /* DLConstants.h in Headers */ = {isa = PBXBuildFile; fileRef = F38FB0B215FA342900B7759F /* DLConstants.h */; };
		F38FB0B515FA342900B7759F /* DLConstants.m in Sources */ = {isa = PBXBuildFile; fileRef = F38FB0B315FA342900B7759F /* DLConstants.m */; };
		F38FB0C215FDDB0500B7759F /* DLDbManager.h in Headers */ = {isa = PBXBuildFile; fileRef = F38FB0BA15FDDB0500B7759F /* DLDbManager.h */; settings = {ATTRIBUTES = (Public, ); }; };
		F38FB0C315FDDB0500B7759F /* DLDbManager.m in Sources */ = {isa = PBXBuildFile; fileRef = F38FB0BB15FDDB0500B7759F /* DLDbManager.m */; };
		F38FB0C415FDDB0500B7759F /* FMDatabase.h in Headers */ = {isa = PBXBuildFile; fileRef = F38FB0BC15FDDB0500B7759F /* FMDatabase.h */; settings = {ATTRIBUTES = (Public, ); }; };
		F38FB0C515FDDB0500B7759F /* FMDatabase.m in Sources */ = {isa = PBXBuildFile; fileRef = F38FB0BD15FDDB0500B7759F /* FMDatabase.m */; };
		F38FB0C615FDDB0500B7759F /* FMDatabaseAdditions.h in Headers */ = {isa = PBXBuildFile; fileRef = F38FB0BE15FDDB0500B7759F /* FMDatabaseAdditions.h */; settings = {ATTRIBUTES = (Public, ); }; };
		F38FB0C715FDDB0500B7759F /* FMDatabaseAdditions.m in Sources */ = {isa = PBXBuildFile; fileRef = F38FB0BF15FDDB0500B7759F /* FMDatabaseAdditions.m */; };
		F38FB0C815FDDB0500B7759F /* FMResultSet.h in Headers */ = {isa = PBXBuildFile; fileRef = F38FB0C015FDDB0500B7759F /* FMResultSet.h */; settings = {ATTRIBUTES = (Public, ); }; };
		F38FB0C915FDDB0500B7759F /* FMResultSet.m in Sources */ = {isa = PBXBuildFile; fileRef = F38FB0C115FDDB0500B7759F /* FMResultSet.m */; };
/* End PBXBuildFile section */

/* Begin PBXCopyFilesBuildPhase section */
		F38FAE8215F8F39100B7759F /* CopyFiles */ = {
			isa = PBXCopyFilesBuildPhase;
			buildActionMask = 2147483647;
			dstPath = "include/${PRODUCT_NAME}";
			dstSubfolderSpec = 16;
			files = (
			);
			runOnlyForDeploymentPostprocessing = 0;
		};
/* End PBXCopyFilesBuildPhase section */

/* Begin PBXFileReference section */
		F308A31315FDF76100B650BE /* JSONKit.h */ = {isa = PBXFileReference; fileEncoding = 4; lastKnownFileType = sourcecode.c.h; path = JSONKit.h; sourceTree = "<group>"; };
		F308A31415FDF76100B650BE /* JSONKit.m */ = {isa = PBXFileReference; fileEncoding = 4; lastKnownFileType = sourcecode.c.objc; path = JSONKit.m; sourceTree = "<group>"; };
		F308A32D15FDF7CC00B650BE /* DLDocument.h */ = {isa = PBXFileReference; fileEncoding = 4; lastKnownFileType = sourcecode.c.h; path = DLDocument.h; sourceTree = "<group>"; };
		F308A32E15FDF7CC00B650BE /* DLDocument.m */ = {isa = PBXFileReference; fileEncoding = 4; lastKnownFileType = sourcecode.c.objc; path = DLDocument.m; sourceTree = "<group>"; };
		F308A32F15FDF7CC00B650BE /* DLContentItem.h */ = {isa = PBXFileReference; fileEncoding = 4; lastKnownFileType = sourcecode.c.h; path = DLContentItem.h; sourceTree = "<group>"; };
		F308A33015FDF7CC00B650BE /* DLContentItem.m */ = {isa = PBXFileReference; fileEncoding = 4; lastKnownFileType = sourcecode.c.objc; path = DLContentItem.m; sourceTree = "<group>"; };
		F308A33515FDF82500B650BE /* DLGenericContentItem.h */ = {isa = PBXFileReference; fileEncoding = 4; lastKnownFileType = sourcecode.c.h; path = DLGenericContentItem.h; sourceTree = "<group>"; };
		F308A33615FDF82500B650BE /* DLGenericContentItem.m */ = {isa = PBXFileReference; fileEncoding = 4; lastKnownFileType = sourcecode.c.objc; path = DLGenericContentItem.m; sourceTree = "<group>"; };
		F308A33915FDF84E00B650BE /* NSString+Extras.m */ = {isa = PBXFileReference; fileEncoding = 4; lastKnownFileType = sourcecode.c.objc; path = "NSString+Extras.m"; sourceTree = "<group>"; };
		F308A33A15FDF84E00B650BE /* NSString+Extras.h */ = {isa = PBXFileReference; fileEncoding = 4; lastKnownFileType = sourcecode.c.h; path = "NSString+Extras.h"; sourceTree = "<group>"; };
		F308A33D15FDFCB800B650BE /* TextDownloader.h */ = {isa = PBXFileReference; fileEncoding = 4; lastKnownFileType = sourcecode.c.h; path = TextDownloader.h; sourceTree = "<group>"; };
		F308A33E15FDFCB800B650BE /* TextDownloader.m */ = {isa = PBXFileReference; fileEncoding = 4; lastKnownFileType = sourcecode.c.objc; path = TextDownloader.m; sourceTree = "<group>"; };
		F308A34115FDFD0700B650BE /* macro.h */ = {isa = PBXFileReference; fileEncoding = 4; lastKnownFileType = sourcecode.c.h; path = macro.h; sourceTree = "<group>"; };
		F308A34715FE08B600B650BE /* DLDocService.h */ = {isa = PBXFileReference; fileEncoding = 4; lastKnownFileType = sourcecode.c.h; path = DLDocService.h; sourceTree = "<group>"; };
		F308A34815FE08B700B650BE /* DLDocService.m */ = {isa = PBXFileReference; fileEncoding = 4; lastKnownFileType = sourcecode.c.objc; path = DLDocService.m; sourceTree = "<group>"; };
		F308A34B15FE08CD00B650BE /* DLService.h */ = {isa = PBXFileReference; fileEncoding = 4; lastKnownFileType = sourcecode.c.h; path = DLService.h; sourceTree = "<group>"; };
		F308A34C15FE08CD00B650BE /* DLService.m */ = {isa = PBXFileReference; fileEncoding = 4; lastKnownFileType = sourcecode.c.objc; path = DLService.m; sourceTree = "<group>"; };
		F38FAE8415F8F39100B7759F /* libdatownialibrary.a */ = {isa = PBXFileReference; explicitFileType = archive.ar; includeInIndex = 0; path = libdatownialibrary.a; sourceTree = BUILT_PRODUCTS_DIR; };
		F38FAE8715F8F39100B7759F /* Foundation.framework */ = {isa = PBXFileReference; lastKnownFileType = wrapper.framework; name = Foundation.framework; path = System/Library/Frameworks/Foundation.framework; sourceTree = SDKROOT; };
		F38FAE8B15F8F39100B7759F /* datownialibrary-Prefix.pch */ = {isa = PBXFileReference; lastKnownFileType = sourcecode.c.h; path = "datownialibrary-Prefix.pch"; sourceTree = "<group>"; };
		F38FAE9615F8F39100B7759F /* SenTestingKit.framework */ = {isa = PBXFileReference; lastKnownFileType = wrapper.framework; name = SenTestingKit.framework; path = Library/Frameworks/SenTestingKit.framework; sourceTree = DEVELOPER_DIR; };
		F38FAE9815F8F39100B7759F /* UIKit.framework */ = {isa = PBXFileReference; lastKnownFileType = wrapper.framework; name = UIKit.framework; path = Library/Frameworks/UIKit.framework; sourceTree = DEVELOPER_DIR; };
		F38FAF5F15F8F6BC00B7759F /* DLAppService.m */ = {isa = PBXFileReference; fileEncoding = 4; lastKnownFileType = sourcecode.c.objc; path = DLAppService.m; sourceTree = "<group>"; };
		F38FAF6115F8F6BC00B7759F /* Base64.m */ = {isa = PBXFileReference; fileEncoding = 4; lastKnownFileType = sourcecode.c.objc; path = Base64.m; sourceTree = "<group>"; };
		F38FAF6615F8F6BC00B7759F /* FileDownloader.m */ = {isa = PBXFileReference; fileEncoding = 4; lastKnownFileType = sourcecode.c.objc; path = FileDownloader.m; sourceTree = "<group>"; };
		F38FAF9915F8F72000B7759F /* LROAuth2AccessToken.m */ = {isa = PBXFileReference; fileEncoding = 4; lastKnownFileType = sourcecode.c.objc; path = LROAuth2AccessToken.m; sourceTree = "<group>"; };
		F38FAF9B15F8F72000B7759F /* LROAuth2Client.m */ = {isa = PBXFileReference; fileEncoding = 4; lastKnownFileType = sourcecode.c.objc; path = LROAuth2Client.m; sourceTree = "<group>"; };
		F38FAF9E15F8F72000B7759F /* LRURLRequestOperation.m */ = {isa = PBXFileReference; fileEncoding = 4; lastKnownFileType = sourcecode.c.objc; path = LRURLRequestOperation.m; sourceTree = "<group>"; };
		F38FAFA015F8F72000B7759F /* NSData+Base64.m */ = {isa = PBXFileReference; fileEncoding = 4; lastKnownFileType = sourcecode.c.objc; path = "NSData+Base64.m"; sourceTree = "<group>"; };
		F38FAFA215F8F72000B7759F /* NSDictionary+QueryString.m */ = {isa = PBXFileReference; fileEncoding = 4; lastKnownFileType = sourcecode.c.objc; path = "NSDictionary+QueryString.m"; sourceTree = "<group>"; };
		F38FAFA415F8F72000B7759F /* NSObject+Tap.m */ = {isa = PBXFileReference; fileEncoding = 4; lastKnownFileType = sourcecode.c.objc; path = "NSObject+Tap.m"; sourceTree = "<group>"; };
		F38FAFA615F8F72000B7759F /* NSRunLoop+Additions.m */ = {isa = PBXFileReference; fileEncoding = 4; lastKnownFileType = sourcecode.c.objc; path = "NSRunLoop+Additions.m"; sourceTree = "<group>"; };
		F38FAFA815F8F72000B7759F /* NSString+QueryString.m */ = {isa = PBXFileReference; fileEncoding = 4; lastKnownFileType = sourcecode.c.objc; path = "NSString+QueryString.m"; sourceTree = "<group>"; };
		F38FAFAA15F8F72000B7759F /* NSURL+QueryInspector.m */ = {isa = PBXFileReference; fileEncoding = 4; lastKnownFileType = sourcecode.c.objc; path = "NSURL+QueryInspector.m"; sourceTree = "<group>"; };
		F38FAFF315F8F8D500B7759F /* UIKit.framework */ = {isa = PBXFileReference; lastKnownFileType = wrapper.framework; name = UIKit.framework; path = System/Library/Frameworks/UIKit.framework; sourceTree = SDKROOT; };
		F38FAFFB15F9E77300B7759F /* LROAuth2AccessToken.h */ = {isa = PBXFileReference; fileEncoding = 4; lastKnownFileType = sourcecode.c.h; path = LROAuth2AccessToken.h; sourceTree = "<group>"; };
		F38FAFFC15F9E77300B7759F /* LROAuth2Client.h */ = {isa = PBXFileReference; fileEncoding = 4; lastKnownFileType = sourcecode.c.h; path = LROAuth2Client.h; sourceTree = "<group>"; };
		F38FAFFD15F9E77300B7759F /* LROAuth2ClientDelegate.h */ = {isa = PBXFileReference; fileEncoding = 4; lastKnownFileType = sourcecode.c.h; path = LROAuth2ClientDelegate.h; sourceTree = "<group>"; };
		F38FAFFE15F9E77300B7759F /* LRURLRequestOperation.h */ = {isa = PBXFileReference; fileEncoding = 4; lastKnownFileType = sourcecode.c.h; path = LRURLRequestOperation.h; sourceTree = "<group>"; };
		F38FAFFF15F9E77300B7759F /* NSData+Base64.h */ = {isa = PBXFileReference; fileEncoding = 4; lastKnownFileType = sourcecode.c.h; path = "NSData+Base64.h"; sourceTree = "<group>"; };
		F38FB00015F9E77300B7759F /* NSDictionary+QueryString.h */ = {isa = PBXFileReference; fileEncoding = 4; lastKnownFileType = sourcecode.c.h; path = "NSDictionary+QueryString.h"; sourceTree = "<group>"; };
		F38FB00115F9E77300B7759F /* NSObject+Tap.h */ = {isa = PBXFileReference; fileEncoding = 4; lastKnownFileType = sourcecode.c.h; path = "NSObject+Tap.h"; sourceTree = "<group>"; };
		F38FB00215F9E77300B7759F /* NSRunLoop+Additions.h */ = {isa = PBXFileReference; fileEncoding = 4; lastKnownFileType = sourcecode.c.h; path = "NSRunLoop+Additions.h"; sourceTree = "<group>"; };
		F38FB00315F9E77300B7759F /* NSString+QueryString.h */ = {isa = PBXFileReference; fileEncoding = 4; lastKnownFileType = sourcecode.c.h; path = "NSString+QueryString.h"; sourceTree = "<group>"; };
		F38FB00415F9E77300B7759F /* NSURL+QueryInspector.h */ = {isa = PBXFileReference; fileEncoding = 4; lastKnownFileType = sourcecode.c.h; path = "NSURL+QueryInspector.h"; sourceTree = "<group>"; };
		F38FB00515F9E78200B7759F /* DLAppService.h */ = {isa = PBXFileReference; fileEncoding = 4; lastKnownFileType = sourcecode.c.h; path = DLAppService.h; sourceTree = "<group>"; };
		F38FB00615F9E78200B7759F /* Base64.h */ = {isa = PBXFileReference; fileEncoding = 4; lastKnownFileType = sourcecode.c.h; path = Base64.h; sourceTree = "<group>"; };
		F38FB00715F9E78200B7759F /* datownialibrary.h */ = {isa = PBXFileReference; fileEncoding = 4; lastKnownFileType = sourcecode.c.h; path = datownialibrary.h; sourceTree = "<group>"; };
		F38FB00815F9E78200B7759F /* DownloaderDelegate.h */ = {isa = PBXFileReference; fileEncoding = 4; lastKnownFileType = sourcecode.c.h; path = DownloaderDelegate.h; sourceTree = "<group>"; };
		F38FB00A15F9E78200B7759F /* FileDownloader.h */ = {isa = PBXFileReference; fileEncoding = 4; lastKnownFileType = sourcecode.c.h; path = FileDownloader.h; sourceTree = "<group>"; };
		F38FB0A615FA161000B7759F /* DLOfflineApiDataSync.h */ = {isa = PBXFileReference; fileEncoding = 4; lastKnownFileType = sourcecode.c.h; path = DLOfflineApiDataSync.h; sourceTree = "<group>"; };
		F38FB0A715FA161000B7759F /* DLOfflineApiDataSync.m */ = {isa = PBXFileReference; fileEncoding = 4; lastKnownFileType = sourcecode.c.objc; path = DLOfflineApiDataSync.m; sourceTree = "<group>"; };
		F38FB0AE15FA18F600B7759F /* DLAppConfiguration.h */ = {isa = PBXFileReference; fileEncoding = 4; lastKnownFileType = sourcecode.c.h; path = DLAppConfiguration.h; sourceTree = "<group>"; };
		F38FB0AF15FA18F700B7759F /* DLAppConfiguration.m */ = {isa = PBXFileReference; fileEncoding = 4; lastKnownFileType = sourcecode.c.objc; path = DLAppConfiguration.m; sourceTree = "<group>"; };
		F38FB0B215FA342900B7759F /* DLConstants.h */ = {isa = PBXFileReference; fileEncoding = 4; lastKnownFileType = sourcecode.c.h; path = DLConstants.h; sourceTree = "<group>"; };
		F38FB0B315FA342900B7759F /* DLConstants.m */ = {isa = PBXFileReference; fileEncoding = 4; lastKnownFileType = sourcecode.c.objc; path = DLConstants.m; sourceTree = "<group>"; };
		F38FB0BA15FDDB0500B7759F /* DLDbManager.h */ = {isa = PBXFileReference; fileEncoding = 4; lastKnownFileType = sourcecode.c.h; path = DLDbManager.h; sourceTree = "<group>"; };
		F38FB0BB15FDDB0500B7759F /* DLDbManager.m */ = {isa = PBXFileReference; fileEncoding = 4; lastKnownFileType = sourcecode.c.objc; path = DLDbManager.m; sourceTree = "<group>"; };
		F38FB0BC15FDDB0500B7759F /* FMDatabase.h */ = {isa = PBXFileReference; fileEncoding = 4; lastKnownFileType = sourcecode.c.h; path = FMDatabase.h; sourceTree = "<group>"; };
		F38FB0BD15FDDB0500B7759F /* FMDatabase.m */ = {isa = PBXFileReference; fileEncoding = 4; lastKnownFileType = sourcecode.c.objc; path = FMDatabase.m; sourceTree = "<group>"; };
		F38FB0BE15FDDB0500B7759F /* FMDatabaseAdditions.h */ = {isa = PBXFileReference; fileEncoding = 4; lastKnownFileType = sourcecode.c.h; path = FMDatabaseAdditions.h; sourceTree = "<group>"; };
		F38FB0BF15FDDB0500B7759F /* FMDatabaseAdditions.m */ = {isa = PBXFileReference; fileEncoding = 4; lastKnownFileType = sourcecode.c.objc; path = FMDatabaseAdditions.m; sourceTree = "<group>"; };
		F38FB0C015FDDB0500B7759F /* FMResultSet.h */ = {isa = PBXFileReference; fileEncoding = 4; lastKnownFileType = sourcecode.c.h; path = FMResultSet.h; sourceTree = "<group>"; };
		F38FB0C115FDDB0500B7759F /* FMResultSet.m */ = {isa = PBXFileReference; fileEncoding = 4; lastKnownFileType = sourcecode.c.objc; path = FMResultSet.m; sourceTree = "<group>"; };
/* End PBXFileReference section */

/* Begin PBXFrameworksBuildPhase section */
		F38FAE8115F8F39100B7759F /* Frameworks */ = {
			isa = PBXFrameworksBuildPhase;
			buildActionMask = 2147483647;
			files = (
				F38FAFF415F8F8D500B7759F /* UIKit.framework in Frameworks */,
				F38FAE8815F8F39100B7759F /* Foundation.framework in Frameworks */,
			);
			runOnlyForDeploymentPostprocessing = 0;
		};
/* End PBXFrameworksBuildPhase section */

/* Begin PBXGroup section */
		F308A32C15FDF7B500B650BE /* Model */ = {
			isa = PBXGroup;
			children = (
				F308A31315FDF76100B650BE /* JSONKit.h */,
				F308A31415FDF76100B650BE /* JSONKit.m */,
				F308A32D15FDF7CC00B650BE /* DLDocument.h */,
				F308A32E15FDF7CC00B650BE /* DLDocument.m */,
				F308A32F15FDF7CC00B650BE /* DLContentItem.h */,
				F308A33015FDF7CC00B650BE /* DLContentItem.m */,
				F308A33515FDF82500B650BE /* DLGenericContentItem.h */,
				F308A33615FDF82500B650BE /* DLGenericContentItem.m */,
				F308A33915FDF84E00B650BE /* NSString+Extras.m */,
				F308A33A15FDF84E00B650BE /* NSString+Extras.h */,
			);
			name = Model;
			sourceTree = "<group>";
		};
		F38FAE7915F8F39100B7759F = {
			isa = PBXGroup;
			children = (
				F38FAE8915F8F39100B7759F /* datownialibrary */,
				F38FAE8615F8F39100B7759F /* Frameworks */,
				F38FAE8515F8F39100B7759F /* Products */,
			);
			sourceTree = "<group>";
		};
		F38FAE8515F8F39100B7759F /* Products */ = {
			isa = PBXGroup;
			children = (
				F38FAE8415F8F39100B7759F /* libdatownialibrary.a */,
			);
			name = Products;
			sourceTree = "<group>";
		};
		F38FAE8615F8F39100B7759F /* Frameworks */ = {
			isa = PBXGroup;
			children = (
				F38FAFF315F8F8D500B7759F /* UIKit.framework */,
				F38FAE8715F8F39100B7759F /* Foundation.framework */,
				F38FAE9615F8F39100B7759F /* SenTestingKit.framework */,
				F38FAE9815F8F39100B7759F /* UIKit.framework */,
			);
			name = Frameworks;
			sourceTree = "<group>";
		};
		F38FAE8915F8F39100B7759F /* datownialibrary */ = {
			isa = PBXGroup;
			children = (
				F308A32C15FDF7B500B650BE /* Model */,
				F38FB0B915FDDB0400B7759F /* Data Access */,
				F38FAF9715F8F72000B7759F /* LROAuth2 */,
				F38FB00515F9E78200B7759F /* DLAppService.h */,
				F38FAF5F15F8F6BC00B7759F /* DLAppService.m */,
				F308A34715FE08B600B650BE /* DLDocService.h */,
				F308A34815FE08B700B650BE /* DLDocService.m */,
				F308A34B15FE08CD00B650BE /* DLService.h */,
				F308A34C15FE08CD00B650BE /* DLService.m */,
				F38FB00615F9E78200B7759F /* Base64.h */,
				F38FAF6115F8F6BC00B7759F /* Base64.m */,
				F38FB00A15F9E78200B7759F /* FileDownloader.h */,
				F38FAF6615F8F6BC00B7759F /* FileDownloader.m */,
				F308A33D15FDFCB800B650BE /* TextDownloader.h */,
				F308A33E15FDFCB800B650BE /* TextDownloader.m */,
				F38FB00715F9E78200B7759F /* datownialibrary.h */,
				F38FB00815F9E78200B7759F /* DownloaderDelegate.h */,
				F38FB0AE15FA18F600B7759F /* DLAppConfiguration.h */,
				F38FB0AF15FA18F700B7759F /* DLAppConfiguration.m */,
				F38FB0A615FA161000B7759F /* DLOfflineApiDataSync.h */,
				F38FB0A715FA161000B7759F /* DLOfflineApiDataSync.m */,
				F308A34115FDFD0700B650BE /* macro.h */,
				F38FB0B215FA342900B7759F /* DLConstants.h */,
				F38FB0B315FA342900B7759F /* DLConstants.m */,
				F38FAE8A15F8F39100B7759F /* Supporting Files */,
			);
			path = datownialibrary;
			sourceTree = "<group>";
		};
		F38FAE8A15F8F39100B7759F /* Supporting Files */ = {
			isa = PBXGroup;
			children = (
				F38FAE8B15F8F39100B7759F /* datownialibrary-Prefix.pch */,
			);
			name = "Supporting Files";
			sourceTree = "<group>";
		};
		F38FAF9715F8F72000B7759F /* LROAuth2 */ = {
			isa = PBXGroup;
			children = (
				F38FAFFB15F9E77300B7759F /* LROAuth2AccessToken.h */,
				F38FAF9915F8F72000B7759F /* LROAuth2AccessToken.m */,
				F38FAFFC15F9E77300B7759F /* LROAuth2Client.h */,
				F38FAF9B15F8F72000B7759F /* LROAuth2Client.m */,
				F38FAFFD15F9E77300B7759F /* LROAuth2ClientDelegate.h */,
				F38FAFFE15F9E77300B7759F /* LRURLRequestOperation.h */,
				F38FAF9E15F8F72000B7759F /* LRURLRequestOperation.m */,
				F38FAFFF15F9E77300B7759F /* NSData+Base64.h */,
				F38FAFA015F8F72000B7759F /* NSData+Base64.m */,
				F38FB00015F9E77300B7759F /* NSDictionary+QueryString.h */,
				F38FAFA215F8F72000B7759F /* NSDictionary+QueryString.m */,
				F38FB00115F9E77300B7759F /* NSObject+Tap.h */,
				F38FAFA415F8F72000B7759F /* NSObject+Tap.m */,
				F38FB00215F9E77300B7759F /* NSRunLoop+Additions.h */,
				F38FAFA615F8F72000B7759F /* NSRunLoop+Additions.m */,
				F38FB00315F9E77300B7759F /* NSString+QueryString.h */,
				F38FAFA815F8F72000B7759F /* NSString+QueryString.m */,
				F38FB00415F9E77300B7759F /* NSURL+QueryInspector.h */,
				F38FAFAA15F8F72000B7759F /* NSURL+QueryInspector.m */,
			);
			path = LROAuth2;
			sourceTree = "<group>";
		};
		F38FB0B915FDDB0400B7759F /* Data Access */ = {
			isa = PBXGroup;
			children = (
				F38FB0BA15FDDB0500B7759F /* DLDbManager.h */,
				F38FB0BB15FDDB0500B7759F /* DLDbManager.m */,
				F38FB0BC15FDDB0500B7759F /* FMDatabase.h */,
				F38FB0BD15FDDB0500B7759F /* FMDatabase.m */,
				F38FB0BE15FDDB0500B7759F /* FMDatabaseAdditions.h */,
				F38FB0BF15FDDB0500B7759F /* FMDatabaseAdditions.m */,
				F38FB0C015FDDB0500B7759F /* FMResultSet.h */,
				F38FB0C115FDDB0500B7759F /* FMResultSet.m */,
			);
			path = "Data Access";
			sourceTree = "<group>";
		};
/* End PBXGroup section */

/* Begin PBXHeadersBuildPhase section */
		F38FB00B15F9EAAA00B7759F /* Headers */ = {
			isa = PBXHeadersBuildPhase;
			buildActionMask = 2147483647;
			files = (
				F38FB00C15F9EAB000B7759F /* datownialibrary.h in Headers */,
				F38FB00D15F9EAB100B7759F /* DLAppService.h in Headers */,
				F38FB01715F9EAEC00B7759F /* NSDictionary+QueryString.h in Headers */,
				F38FB00E15F9EAD500B7759F /* LROAuth2ClientDelegate.h in Headers */,
				F38FB01915F9EAEF00B7759F /* LRURLRequestOperation.h in Headers */,
				F38FB01415F9EAE800B7759F /* NSString+QueryString.h in Headers */,
				F38FB01A15F9EAF200B7759F /* LROAuth2Client.h in Headers */,
				F38FB01815F9EAEE00B7759F /* NSData+Base64.h in Headers */,
				F38FB0C415FDDB0500B7759F /* FMDatabase.h in Headers */,
				F38FB0C615FDDB0500B7759F /* FMDatabaseAdditions.h in Headers */,
				F38FB0C815FDDB0500B7759F /* FMResultSet.h in Headers */,
				F38FB01515F9EAE900B7759F /* NSRunLoop+Additions.h in Headers */,
				F38FB01615F9EAEB00B7759F /* NSObject+Tap.h in Headers */,
				F38FB01215F9EAE300B7759F /* Base64.h in Headers */,
				F38FB01315F9EAE600B7759F /* NSURL+QueryInspector.h in Headers */,
				F38FB0C215FDDB0500B7759F /* DLDbManager.h in Headers */,
				F308A34D15FE08CD00B650BE /* DLService.h in Headers */,
				F38FB00F15F9EADF00B7759F /* DownloaderDelegate.h in Headers */,
				F308A34915FE08BA00B650BE /* DLDocService.h in Headers */,
				F38FB0B015FA18F700B7759F /* DLAppConfiguration.h in Headers */,
				F38FB0A815FA161100B7759F /* DLOfflineApiDataSync.h in Headers */,
				F38FB01015F9EAE000B7759F /* FileDownloader.h in Headers */,
				F38FB0B415FA342900B7759F /* DLConstants.h in Headers */,
				F308A31515FDF76100B650BE /* JSONKit.h in Headers */,
				F308A33315FDF7CC00B650BE /* DLContentItem.h in Headers */,
				F308A33115FDF7CC00B650BE /* DLDocument.h in Headers */,
				F308A33715FDF82500B650BE /* DLGenericContentItem.h in Headers */,
				F308A33C15FDF84E00B650BE /* NSString+Extras.h in Headers */,
				F308A33F15FDFCB800B650BE /* TextDownloader.h in Headers */,
				F308A34215FDFD0700B650BE /* macro.h in Headers */,
			);
			runOnlyForDeploymentPostprocessing = 0;
		};
/* End PBXHeadersBuildPhase section */

/* Begin PBXNativeTarget section */
		F38FAE8315F8F39100B7759F /* datownialibrary */ = {
			isa = PBXNativeTarget;
			buildConfigurationList = F38FAEA915F8F39100B7759F /* Build configuration list for PBXNativeTarget "datownialibrary" */;
			buildPhases = (
				F38FAE8015F8F39100B7759F /* Sources */,
				F38FAE8115F8F39100B7759F /* Frameworks */,
				F38FAE8215F8F39100B7759F /* CopyFiles */,
				F38FB00B15F9EAAA00B7759F /* Headers */,
			);
			buildRules = (
			);
			dependencies = (
			);
			name = datownialibrary;
			productName = datownialibrary;
			productReference = F38FAE8415F8F39100B7759F /* libdatownialibrary.a */;
			productType = "com.apple.product-type.library.static";
		};
/* End PBXNativeTarget section */

/* Begin PBXProject section */
		F38FAE7B15F8F39100B7759F /* Project object */ = {
			isa = PBXProject;
			attributes = {
				LastUpgradeCheck = 0440;
				ORGANIZATIONNAME = datownia;
			};
			buildConfigurationList = F38FAE7E15F8F39100B7759F /* Build configuration list for PBXProject "datownialibrary" */;
			compatibilityVersion = "Xcode 3.2";
			developmentRegion = English;
			hasScannedForEncodings = 0;
			knownRegions = (
				en,
			);
			mainGroup = F38FAE7915F8F39100B7759F;
			productRefGroup = F38FAE8515F8F39100B7759F /* Products */;
			projectDirPath = "";
			projectRoot = "";
			targets = (
				F38FAE8315F8F39100B7759F /* datownialibrary */,
			);
		};
/* End PBXProject section */

/* Begin PBXSourcesBuildPhase section */
		F38FAE8015F8F39100B7759F /* Sources */ = {
			isa = PBXSourcesBuildPhase;
			buildActionMask = 2147483647;
			files = (
				F38FAF7B15F8F6BC00B7759F /* DLAppService.m in Sources */,
				F38FAF7D15F8F6BC00B7759F /* Base64.m in Sources */,
				F38FAF8115F8F6BC00B7759F /* FileDownloader.m in Sources */,
				F38FAFAB15F8F72000B7759F /* LROAuth2AccessToken.m in Sources */,
				F38FAFAD15F8F72000B7759F /* LROAuth2Client.m in Sources */,
				F38FAFAF15F8F72000B7759F /* LRURLRequestOperation.m in Sources */,
				F38FAFB115F8F72000B7759F /* NSData+Base64.m in Sources */,
				F38FAFB315F8F72000B7759F /* NSDictionary+QueryString.m in Sources */,
				F38FAFB515F8F72000B7759F /* NSObject+Tap.m in Sources */,
				F38FAFB715F8F72000B7759F /* NSRunLoop+Additions.m in Sources */,
				F38FAFB915F8F72000B7759F /* NSString+QueryString.m in Sources */,
				F38FAFBB15F8F72000B7759F /* NSURL+QueryInspector.m in Sources */,
				F38FB0A915FA161100B7759F /* DLOfflineApiDataSync.m in Sources */,
				F38FB0B115FA18F700B7759F /* DLAppConfiguration.m in Sources */,
				F38FB0B515FA342900B7759F /* DLConstants.m in Sources */,
				F38FB0C315FDDB0500B7759F /* DLDbManager.m in Sources */,
				F38FB0C515FDDB0500B7759F /* FMDatabase.m in Sources */,
				F38FB0C715FDDB0500B7759F /* FMDatabaseAdditions.m in Sources */,
				F38FB0C915FDDB0500B7759F /* FMResultSet.m in Sources */,
				F308A31615FDF76100B650BE /* JSONKit.m in Sources */,
				F308A33215FDF7CC00B650BE /* DLDocument.m in Sources */,
				F308A33415FDF7CC00B650BE /* DLContentItem.m in Sources */,
				F308A33815FDF82500B650BE /* DLGenericContentItem.m in Sources */,
				F308A33B15FDF84E00B650BE /* NSString+Extras.m in Sources */,
				F308A34015FDFCB800B650BE /* TextDownloader.m in Sources */,
				F308A34A15FE08BA00B650BE /* DLDocService.m in Sources */,
				F308A34E15FE08CD00B650BE /* DLService.m in Sources */,
			);
			runOnlyForDeploymentPostprocessing = 0;
		};
/* End PBXSourcesBuildPhase section */

/* Begin XCBuildConfiguration section */
		F38FAEA715F8F39100B7759F /* Debug */ = {
			isa = XCBuildConfiguration;
			buildSettings = {
				ALWAYS_SEARCH_USER_PATHS = NO;
				ARCHS = "$(ARCHS_STANDARD_32_BIT)";
				CLANG_CXX_LANGUAGE_STANDARD = "gnu++0x";
				CLANG_ENABLE_OBJC_ARC = YES;
				CLANG_WARN__DUPLICATE_METHOD_MATCH = YES;
				COPY_PHASE_STRIP = NO;
				GCC_C_LANGUAGE_STANDARD = gnu99;
				GCC_DYNAMIC_NO_PIC = NO;
				GCC_OPTIMIZATION_LEVEL = 0;
				GCC_PREPROCESSOR_DEFINITIONS = (
					"DEBUG=1",
					"$(inherited)",
				);
				GCC_SYMBOLS_PRIVATE_EXTERN = NO;
				GCC_VERSION = com.apple.compilers.llvm.clang.1_0;
				GCC_WARN_ABOUT_RETURN_TYPE = YES;
				GCC_WARN_UNINITIALIZED_AUTOS = YES;
				GCC_WARN_UNUSED_VARIABLE = YES;
				IPHONEOS_DEPLOYMENT_TARGET = 5.1;
				SDKROOT = iphoneos;
			};
			name = Debug;
		};
		F38FAEA815F8F39100B7759F /* Release */ = {
			isa = XCBuildConfiguration;
			buildSettings = {
				ALWAYS_SEARCH_USER_PATHS = NO;
				ARCHS = "$(ARCHS_STANDARD_32_BIT)";
				CLANG_CXX_LANGUAGE_STANDARD = "gnu++0x";
				CLANG_ENABLE_OBJC_ARC = YES;
				CLANG_WARN__DUPLICATE_METHOD_MATCH = YES;
				COPY_PHASE_STRIP = YES;
				GCC_C_LANGUAGE_STANDARD = gnu99;
				GCC_VERSION = com.apple.compilers.llvm.clang.1_0;
				GCC_WARN_ABOUT_RETURN_TYPE = YES;
				GCC_WARN_UNINITIALIZED_AUTOS = YES;
				GCC_WARN_UNUSED_VARIABLE = YES;
				IPHONEOS_DEPLOYMENT_TARGET = 5.1;
				SDKROOT = iphoneos;
				VALIDATE_PRODUCT = YES;
			};
			name = Release;
		};
		F38FAEAA15F8F39100B7759F /* Debug */ = {
			isa = XCBuildConfiguration;
			buildSettings = {
				DSTROOT = /tmp/datownialibrary.dst;
				GCC_PRECOMPILE_PREFIX_HEADER = YES;
				GCC_PREFIX_HEADER = "datownialibrary/datownialibrary-Prefix.pch";
				OTHER_LDFLAGS = "-ObjC";
				PRODUCT_NAME = "$(TARGET_NAME)";
				PUBLIC_HEADERS_FOLDER_PATH = "include/$(TARGET_NAME)";
				SKIP_INSTALL = YES;
			};
			name = Debug;
		};
		F38FAEAB15F8F39100B7759F /* Release */ = {
			isa = XCBuildConfiguration;
			buildSettings = {
				DSTROOT = /tmp/datownialibrary.dst;
				GCC_PRECOMPILE_PREFIX_HEADER = YES;
				GCC_PREFIX_HEADER = "datownialibrary/datownialibrary-Prefix.pch";
				OTHER_LDFLAGS = "-ObjC";
				PRODUCT_NAME = "$(TARGET_NAME)";
				PUBLIC_HEADERS_FOLDER_PATH = "include/$(TARGET_NAME)";
				SKIP_INSTALL = YES;
			};
			name = Release;
		};
/* End XCBuildConfiguration section */

/* Begin XCConfigurationList section */
		F38FAE7E15F8F39100B7759F /* Build configuration list for PBXProject "datownialibrary" */ = {
			isa = XCConfigurationList;
			buildConfigurations = (
				F38FAEA715F8F39100B7759F /* Debug */,
				F38FAEA815F8F39100B7759F /* Release */,
			);
			defaultConfigurationIsVisible = 0;
			defaultConfigurationName = Release;
		};
		F38FAEA915F8F39100B7759F /* Build configuration list for PBXNativeTarget "datownialibrary" */ = {
			isa = XCConfigurationList;
			buildConfigurations = (
				F38FAEAA15F8F39100B7759F /* Debug */,
				F38FAEAB15F8F39100B7759F /* Release */,
			);
			defaultConfigurationIsVisible = 0;
			defaultConfigurationName = Release;
		};
/* End XCConfigurationList section */
	};
	rootObject = F38FAE7B15F8F39100B7759F /* Project object */;
}
